
Microsoft Visual Studio Solution File, Format Version 12.00
# Visual Studio 15
VisualStudioVersion = 15.0.27428.2043
MinimumVisualStudioVersion = 10.0.40219.1
Project("{FAE04EC0-301F-11D3-BF4B-00C04F79EFBC}") = "TCP_Server", "TCP_Server\TCP_Server.csproj", "{60200C66-32EB-4F9C-8F44-296975E0E50F}"
EndProject
Project("{FAE04EC0-301F-11D3-BF4B-00C04F79EFBC}") = "TCP_Client", "TCP_Client\TCP_Client.csproj", "{CC4515D6-CD59-4096-97C1-B45FE4A28026}"
EndProject
Project("{FAE04EC0-301F-11D3-BF4B-00C04F79EFBC}") = "MySqlDataBase", "MySqlDataBase\MySqlDataBase.csproj", "{603F2F0B-96CF-42E5-9DE9-B59442BB5B2D}"
EndProject
Project("{FAE04EC0-301F-11D3-BF4B-00C04F79EFBC}") = "GameServer", "GameServer\GameServer.csproj", "{EF19D0A2-870A-451E-BAA7-F05719D52FF7}"
EndProject
Project("{FAE04EC0-301F-11D3-BF4B-00C04F79EFBC}") = "Common", "Common\Common.csproj", "{C8CA4AC5-7ED5-49ED-9432-F4FE55479273}"
EndProject
Global
	GlobalSection(SolutionConfigurationPlatforms) = preSolution
		Debug|Any CPU = Debug|Any CPU
		Release|Any CPU = Release|Any CPU
	EndGlobalSection
	GlobalSection(ProjectConfigurationPlatforms) = postSolution
		{60200C66-32EB-4F9C-8F44-296975E0E50F}.Debug|Any CPU.ActiveCfg = Debug|Any CPU
		{60200C66-32EB-4F9C-8F44-296975E0E50F}.Debug|Any CPU.Build.0 = Debug|Any CPU
		{60200C66-32EB-4F9C-8F44-296975E0E50F}.Release|Any CPU.ActiveCfg = Release|Any CPU
		{60200C66-32EB-4F9C-8F44-296975E0E50F}.Release|Any CPU.Build.0 = Release|Any CPU
		{CC4515D6-CD59-4096-97C1-B45FE4A28026}.Debug|Any CPU.ActiveCfg = Debug|Any CPU
		{CC4515D6-CD59-4096-97C1-B45FE4A28026}.Debug|Any CPU.Build.0 = Debug|Any CPU
		{CC4515D6-CD59-4096-97C1-B45FE4A28026}.Release|Any CPU.ActiveCfg = Release|Any CPU
		{CC4515D6-CD59-4096-97C1-B45FE4A28026}.Release|Any CPU.Build.0 = Release|Any CPU
		{603F2F0B-96CF-42E5-9DE9-B59442BB5B2D}.Debug|Any CPU.ActiveCfg = Debug|Any CPU
		{603F2F0B-96CF-42E5-9DE9-B59442BB5B2D}.Debug|Any CPU.Build.0 = Debug|Any CPU
		{603F2F0B-96CF-42E5-9DE9-B59442BB5B2D}.Release|Any CPU.ActiveCfg = Release|Any CPU
		{603F2F0B-96CF-42E5-9DE9-B59442BB5B2D}.Release|Any CPU.Build.0 = Release|Any CPU
		{EF19D0A2-870A-451E-BAA7-F05719D52FF7}.Debug|Any CPU.ActiveCfg = Debug|Any CPU
		{EF19D0A2-870A-451E-BAA7-F05719D52FF7}.Debug|Any CPU.Build.0 = Debug|Any CPU
		{EF19D0A2-870A-451E-BAA7-F05719D52FF7}.Release|Any CPU.ActiveCfg = Release|Any CPU
		{EF19D0A2-870A-451E-BAA7-F05719D52FF7}.Release|Any CPU.Build.0 = Release|Any CPU
		{C8CA4AC5-7ED5-49ED-9432-F4FE55479273}.Debug|Any CPU.ActiveCfg = Debug|Any CPU
		{C8CA4AC5-7ED5-49ED-9432-F4FE55479273}.Debug|Any CPU.Build.0 = Debug|Any CPU
		{C8CA4AC5-7ED5-49ED-9432-F4FE55479273}.Release|Any CPU.ActiveCfg = Release|Any CPU
		{C8CA4AC5-7ED5-49ED-9432-F4FE55479273}.Release|Any CPU.Build.0 = Release|Any CPU
	EndGlobalSection
	GlobalSection(SolutionProperties) = preSolution
		HideSolutionNode = FALSE
	EndGlobalSection
	GlobalSection(ExtensibilityGlobals) = postSolution
		SolutionGuid = {B8AE0502-0071-406F-AA05-F3CC204CA0B1}
	EndGlobalSection
EndGlobal
